
Microsoft Visual Studio Solution File, Format Version 12.00
# Visual Studio Version 17
VisualStudioVersion = 17.10.35013.160
MinimumVisualStudioVersion = 10.0.40219.1
Project("{FAE04EC0-301F-11D3-BF4B-00C04F79EFBC}") = "WindowsServiceSap", "WindowsServiceSap\WindowsServiceSap.csproj", "{4E4FD267-5B29-44EC-BDA9-6E0EAD78CF0B}"
EndProject
Project("{54435603-DBB4-11D2-8724-00A0C9A8B90C}") = "SetupServiceSap", "SetupServiceSap\SetupServiceSap.vdproj", "{5753D95B-22E8-4F19-B3D4-F4BBC8B18723}"
EndProject
Global
	GlobalSection(SolutionConfigurationPlatforms) = preSolution
		Debug|Any CPU = Debug|Any CPU
		Debug|x64 = Debug|x64
		Release|Any CPU = Release|Any CPU
		Release|x64 = Release|x64
	EndGlobalSection
	GlobalSection(ProjectConfigurationPlatforms) = postSolution
		{4E4FD267-5B29-44EC-BDA9-6E0EAD78CF0B}.Debug|Any CPU.ActiveCfg = Debug|Any CPU
		{4E4FD267-5B29-44EC-BDA9-6E0EAD78CF0B}.Debug|Any CPU.Build.0 = Debug|Any CPU
		{4E4FD267-5B29-44EC-BDA9-6E0EAD78CF0B}.Debug|x64.ActiveCfg = Debug|x64
		{4E4FD267-5B29-44EC-BDA9-6E0EAD78CF0B}.Debug|x64.Build.0 = Debug|x64
		{4E4FD267-5B29-44EC-BDA9-6E0EAD78CF0B}.Release|Any CPU.ActiveCfg = Release|Any CPU
		{4E4FD267-5B29-44EC-BDA9-6E0EAD78CF0B}.Release|Any CPU.Build.0 = Release|Any CPU
		{4E4FD267-5B29-44EC-BDA9-6E0EAD78CF0B}.Release|x64.ActiveCfg = Release|x64
		{4E4FD267-5B29-44EC-BDA9-6E0EAD78CF0B}.Release|x64.Build.0 = Release|x64
		{5753D95B-22E8-4F19-B3D4-F4BBC8B18723}.Debug|Any CPU.ActiveCfg = Debug
		{5753D95B-22E8-4F19-B3D4-F4BBC8B18723}.Debug|x64.ActiveCfg = Debug
		{5753D95B-22E8-4F19-B3D4-F4BBC8B18723}.Debug|x64.Build.0 = Debug
		{5753D95B-22E8-4F19-B3D4-F4BBC8B18723}.Release|Any CPU.ActiveCfg = Release
		{5753D95B-22E8-4F19-B3D4-F4BBC8B18723}.Release|x64.ActiveCfg = Release
		{5753D95B-22E8-4F19-B3D4-F4BBC8B18723}.Release|x64.Build.0 = Release
	EndGlobalSection
	GlobalSection(SolutionProperties) = preSolution
		HideSolutionNode = FALSE
	EndGlobalSection
	GlobalSection(ExtensibilityGlobals) = postSolution
		SolutionGuid = {72B0FC4F-8111-4E7A-AC65-11612ACC68D7}
	EndGlobalSection
EndGlobal
